
Microsoft Visual Studio Solution File, Format Version 12.00
# Visual Studio Version 17
VisualStudioVersion = 17.0.31903.59
MinimumVisualStudioVersion = 10.0.40219.1
Project("{FAE04EC0-301F-11D3-BF4B-00C04F79EFBC}") = "SG.AccountService.Infrastructure", "src\Services\AccountService\SG.AccountService.Infrastructure\SG.AccountService.Infrastructure.csproj", "{583C0FB6-2E7E-4CB0-A552-E3386AB6CF33}"
EndProject
Project("{FAE04EC0-301F-11D3-BF4B-00C04F79EFBC}") = "SG.AccountService.Domain", "src\Services\AccountService\SG.AccountService.Domain\SG.AccountService.Domain.csproj", "{A8302E96-21F6-4949-9714-1498C9BFCEB6}"
EndProject
Project("{FAE04EC0-301F-11D3-BF4B-00C04F79EFBC}") = "SG.AccountService.Application", "src\Services\AccountService\SG.AccountService.Application\SG.AccountService.Application.csproj", "{DC422FA2-0A31-45DD-9781-39D472BE4F38}"
EndProject
Project("{FAE04EC0-301F-11D3-BF4B-00C04F79EFBC}") = "SG.AccountService.API", "src\Services\AccountService\SG.AccountService.API\SG.AccountService.API.csproj", "{A03E3BB9-4A12-47C9-A838-A1AA602108C3}"
EndProject
Project("{2150E333-8FDC-42A3-9474-1A3956D46DE8}") = "src", "src", "{B333DEB1-E25D-4B1A-A688-ED8419B63C50}"
EndProject
Project("{FAE04EC0-301F-11D3-BF4B-00C04F79EFBC}") = "SG.AccountService.UnitTests", "src\Services\AccountService\tests\SG.AccountService.UnitTests\SG.AccountService.UnitTests.csproj", "{2FAA7467-FAF7-4BF2-844B-9CE87BB673FE}"
EndProject
Project("{2150E333-8FDC-42A3-9474-1A3956D46DE8}") = "tests", "tests", "{8382612C-CA40-4DA7-88ED-15CBDFA346DC}"
EndProject
Project("{2150E333-8FDC-42A3-9474-1A3956D46DE8}") = "AccountService", "AccountService", "{0A7F7547-A6A8-402A-A0E3-96F1A0CD0E05}"
EndProject
Project("{2150E333-8FDC-42A3-9474-1A3956D46DE8}") = "AuthService", "AuthService", "{9DE227FC-0D40-4E43-935B-F5BE15C3DC5B}"
EndProject
Project("{FAE04EC0-301F-11D3-BF4B-00C04F79EFBC}") = "SG.AuthService.Domain", "src\Services\AuthService\SG.AuthService.Domain\SG.AuthService.Domain.csproj", "{737BCEB4-48DA-43EE-BAB6-79C6132787FB}"
EndProject
Project("{FAE04EC0-301F-11D3-BF4B-00C04F79EFBC}") = "SG.AuthService.Application", "src\Services\AuthService\SG.AuthService.Application\SG.AuthService.Application.csproj", "{085A5E29-C4B5-4985-93BF-AED94465BC1B}"
EndProject
Project("{FAE04EC0-301F-11D3-BF4B-00C04F79EFBC}") = "SG.AuthService.Infrastructure", "src\Services\AuthService\SG.AuthService.Infrastructure\SG.AuthService.Infrastructure.csproj", "{3CF8454F-EA3F-4D83-9085-F506709ED53C}"
EndProject
Project("{2150E333-8FDC-42A3-9474-1A3956D46DE8}") = "tests", "tests", "{97F79394-3022-4330-94E0-246679B5BACE}"
EndProject
Project("{FAE04EC0-301F-11D3-BF4B-00C04F79EFBC}") = "SG.AuthService.UnitTests", "src\Services\AuthService\tests\SG.AuthService.UnitTests\SG.AuthService.UnitTests.csproj", "{3BED91ED-F44D-4D31-A861-C1ACB2F5D465}"
EndProject
Project("{FAE04EC0-301F-11D3-BF4B-00C04F79EFBC}") = "SG.AuthService.API", "src\Services\AuthService\SG.AuthService.API\SG.AuthService.API.csproj", "{5B760D81-4A02-41B2-B000-77EA0F26A504}"
EndProject
Global
	GlobalSection(SolutionConfigurationPlatforms) = preSolution
		Debug|Any CPU = Debug|Any CPU
		Release|Any CPU = Release|Any CPU
	EndGlobalSection
	GlobalSection(SolutionProperties) = preSolution
		HideSolutionNode = FALSE
	EndGlobalSection
	GlobalSection(ProjectConfigurationPlatforms) = postSolution
		{583C0FB6-2E7E-4CB0-A552-E3386AB6CF33}.Debug|Any CPU.ActiveCfg = Debug|Any CPU
		{583C0FB6-2E7E-4CB0-A552-E3386AB6CF33}.Debug|Any CPU.Build.0 = Debug|Any CPU
		{583C0FB6-2E7E-4CB0-A552-E3386AB6CF33}.Release|Any CPU.ActiveCfg = Release|Any CPU
		{583C0FB6-2E7E-4CB0-A552-E3386AB6CF33}.Release|Any CPU.Build.0 = Release|Any CPU
		{A8302E96-21F6-4949-9714-1498C9BFCEB6}.Debug|Any CPU.ActiveCfg = Debug|Any CPU
		{A8302E96-21F6-4949-9714-1498C9BFCEB6}.Debug|Any CPU.Build.0 = Debug|Any CPU
		{A8302E96-21F6-4949-9714-1498C9BFCEB6}.Release|Any CPU.ActiveCfg = Release|Any CPU
		{A8302E96-21F6-4949-9714-1498C9BFCEB6}.Release|Any CPU.Build.0 = Release|Any CPU
		{DC422FA2-0A31-45DD-9781-39D472BE4F38}.Debug|Any CPU.ActiveCfg = Debug|Any CPU
		{DC422FA2-0A31-45DD-9781-39D472BE4F38}.Debug|Any CPU.Build.0 = Debug|Any CPU
		{DC422FA2-0A31-45DD-9781-39D472BE4F38}.Release|Any CPU.ActiveCfg = Release|Any CPU
		{DC422FA2-0A31-45DD-9781-39D472BE4F38}.Release|Any CPU.Build.0 = Release|Any CPU
		{A03E3BB9-4A12-47C9-A838-A1AA602108C3}.Debug|Any CPU.ActiveCfg = Debug|Any CPU
		{A03E3BB9-4A12-47C9-A838-A1AA602108C3}.Debug|Any CPU.Build.0 = Debug|Any CPU
		{A03E3BB9-4A12-47C9-A838-A1AA602108C3}.Release|Any CPU.ActiveCfg = Release|Any CPU
		{A03E3BB9-4A12-47C9-A838-A1AA602108C3}.Release|Any CPU.Build.0 = Release|Any CPU
		{2FAA7467-FAF7-4BF2-844B-9CE87BB673FE}.Debug|Any CPU.ActiveCfg = Debug|Any CPU
		{2FAA7467-FAF7-4BF2-844B-9CE87BB673FE}.Debug|Any CPU.Build.0 = Debug|Any CPU
		{2FAA7467-FAF7-4BF2-844B-9CE87BB673FE}.Release|Any CPU.ActiveCfg = Release|Any CPU
		{2FAA7467-FAF7-4BF2-844B-9CE87BB673FE}.Release|Any CPU.Build.0 = Release|Any CPU
		{737BCEB4-48DA-43EE-BAB6-79C6132787FB}.Debug|Any CPU.ActiveCfg = Debug|Any CPU
		{737BCEB4-48DA-43EE-BAB6-79C6132787FB}.Debug|Any CPU.Build.0 = Debug|Any CPU
		{737BCEB4-48DA-43EE-BAB6-79C6132787FB}.Release|Any CPU.ActiveCfg = Release|Any CPU
		{737BCEB4-48DA-43EE-BAB6-79C6132787FB}.Release|Any CPU.Build.0 = Release|Any CPU
		{085A5E29-C4B5-4985-93BF-AED94465BC1B}.Debug|Any CPU.ActiveCfg = Debug|Any CPU
		{085A5E29-C4B5-4985-93BF-AED94465BC1B}.Debug|Any CPU.Build.0 = Debug|Any CPU
		{085A5E29-C4B5-4985-93BF-AED94465BC1B}.Release|Any CPU.ActiveCfg = Release|Any CPU
		{085A5E29-C4B5-4985-93BF-AED94465BC1B}.Release|Any CPU.Build.0 = Release|Any CPU
		{3CF8454F-EA3F-4D83-9085-F506709ED53C}.Debug|Any CPU.ActiveCfg = Debug|Any CPU
		{3CF8454F-EA3F-4D83-9085-F506709ED53C}.Debug|Any CPU.Build.0 = Debug|Any CPU
		{3CF8454F-EA3F-4D83-9085-F506709ED53C}.Release|Any CPU.ActiveCfg = Release|Any CPU
		{3CF8454F-EA3F-4D83-9085-F506709ED53C}.Release|Any CPU.Build.0 = Release|Any CPU
		{70081033-5548-4204-A805-3FD35AF5EE26}.Debug|Any CPU.ActiveCfg = Debug|Any CPU
		{70081033-5548-4204-A805-3FD35AF5EE26}.Debug|Any CPU.Build.0 = Debug|Any CPU
		{70081033-5548-4204-A805-3FD35AF5EE26}.Release|Any CPU.ActiveCfg = Release|Any CPU
		{70081033-5548-4204-A805-3FD35AF5EE26}.Release|Any CPU.Build.0 = Release|Any CPU
		{3BED91ED-F44D-4D31-A861-C1ACB2F5D465}.Debug|Any CPU.ActiveCfg = Debug|Any CPU
		{3BED91ED-F44D-4D31-A861-C1ACB2F5D465}.Debug|Any CPU.Build.0 = Debug|Any CPU
		{3BED91ED-F44D-4D31-A861-C1ACB2F5D465}.Release|Any CPU.ActiveCfg = Release|Any CPU
		{3BED91ED-F44D-4D31-A861-C1ACB2F5D465}.Release|Any CPU.Build.0 = Release|Any CPU
		{5B760D81-4A02-41B2-B000-77EA0F26A504}.Debug|Any CPU.ActiveCfg = Debug|Any CPU
		{5B760D81-4A02-41B2-B000-77EA0F26A504}.Debug|Any CPU.Build.0 = Debug|Any CPU
		{5B760D81-4A02-41B2-B000-77EA0F26A504}.Release|Any CPU.ActiveCfg = Release|Any CPU
		{5B760D81-4A02-41B2-B000-77EA0F26A504}.Release|Any CPU.Build.0 = Release|Any CPU
	EndGlobalSection
	GlobalSection(NestedProjects) = preSolution
		{2FAA7467-FAF7-4BF2-844B-9CE87BB673FE} = {8382612C-CA40-4DA7-88ED-15CBDFA346DC}
		{0A7F7547-A6A8-402A-A0E3-96F1A0CD0E05} = {B333DEB1-E25D-4B1A-A688-ED8419B63C50}
		{A03E3BB9-4A12-47C9-A838-A1AA602108C3} = {0A7F7547-A6A8-402A-A0E3-96F1A0CD0E05}
		{DC422FA2-0A31-45DD-9781-39D472BE4F38} = {0A7F7547-A6A8-402A-A0E3-96F1A0CD0E05}
		{A8302E96-21F6-4949-9714-1498C9BFCEB6} = {0A7F7547-A6A8-402A-A0E3-96F1A0CD0E05}
		{583C0FB6-2E7E-4CB0-A552-E3386AB6CF33} = {0A7F7547-A6A8-402A-A0E3-96F1A0CD0E05}
		{9DE227FC-0D40-4E43-935B-F5BE15C3DC5B} = {B333DEB1-E25D-4B1A-A688-ED8419B63C50}
		{737BCEB4-48DA-43EE-BAB6-79C6132787FB} = {9DE227FC-0D40-4E43-935B-F5BE15C3DC5B}
		{085A5E29-C4B5-4985-93BF-AED94465BC1B} = {9DE227FC-0D40-4E43-935B-F5BE15C3DC5B}
		{3CF8454F-EA3F-4D83-9085-F506709ED53C} = {9DE227FC-0D40-4E43-935B-F5BE15C3DC5B}
		{8382612C-CA40-4DA7-88ED-15CBDFA346DC} = {0A7F7547-A6A8-402A-A0E3-96F1A0CD0E05}
		{97F79394-3022-4330-94E0-246679B5BACE} = {9DE227FC-0D40-4E43-935B-F5BE15C3DC5B}
		{3BED91ED-F44D-4D31-A861-C1ACB2F5D465} = {97F79394-3022-4330-94E0-246679B5BACE}
		{5B760D81-4A02-41B2-B000-77EA0F26A504} = {9DE227FC-0D40-4E43-935B-F5BE15C3DC5B}
	EndGlobalSection
EndGlobal
